{
  "name": "HechuanShopping",
  "version": "1.0.0",
  "lockfileVersion": 1,
  "requires": true,
  "dependencies": {
    "@province-city-china/types": {
      "version": "8.5.6",
      "resolved": "https://registry.npmjs.org/@province-city-china/types/-/types-8.5.6.tgz",
      "integrity": "sha512-Ii2p24i7z66Fe98sZb1u1FIAN9eZoyaF6+HAcpgZCHVf0PuTVS72E3u0ibSqaLb8ZuMzSNFCtcuilnfMFfAlFQ=="
    },
    "province-city-china": {
      "version": "8.5.6",
      "resolved": "https://registry.npmjs.org/province-city-china/-/province-city-china-8.5.6.tgz",
      "integrity": "sha512-dGGNzXrQS0wLstCp01+HGPVKL4xnrnB6DlaApEwRkeXZQhnoKbQgQh5rz3Vgg87yUYRlvM3Rtj4UCb9SREcXTg==",
      "requires": {
        "@province-city-china/types": "8.5.6"
      }
    }
  }
}
